
Microsoft Visual Studio Solution File, Format Version 12.00
# Visual Studio 15
VisualStudioVersion = 15.0.28307.572
MinimumVisualStudioVersion = 10.0.40219.1
Project("{8BC9CEB8-8B4A-11D0-8D11-00A0C91BC942}") = "CourseWork_School", "CourseWork_School.vcxproj", "{BD7E94DA-7E91-4C56-9639-0DC0117DAB70}"
EndProject
Global
	GlobalSection(SolutionConfigurationPlatforms) = preSolution
		Debug|x64 = Debug|x64
		Debug|x86 = Debug|x86
		Release|x64 = Release|x64
		Release|x86 = Release|x86
	EndGlobalSection
	GlobalSection(ProjectConfigurationPlatforms) = postSolution
		{BD7E94DA-7E91-4C56-9639-0DC0117DAB70}.Debug|x64.ActiveCfg = Debug|x64
		{BD7E94DA-7E91-4C56-9639-0DC0117DAB70}.Debug|x64.Build.0 = Debug|x64
		{BD7E94DA-7E91-4C56-9639-0DC0117DAB70}.Debug|x86.ActiveCfg = Debug|Win32
		{BD7E94DA-7E91-4C56-9639-0DC0117DAB70}.Debug|x86.Build.0 = Debug|Win32
		{BD7E94DA-7E91-4C56-9639-0DC0117DAB70}.Release|x64.ActiveCfg = Release|x64
		{BD7E94DA-7E91-4C56-9639-0DC0117DAB70}.Release|x64.Build.0 = Release|x64
		{BD7E94DA-7E91-4C56-9639-0DC0117DAB70}.Release|x86.ActiveCfg = Release|Win32
		{BD7E94DA-7E91-4C56-9639-0DC0117DAB70}.Release|x86.Build.0 = Release|Win32
	EndGlobalSection
	GlobalSection(SolutionProperties) = preSolution
		HideSolutionNode = FALSE
	EndGlobalSection
	GlobalSection(ExtensibilityGlobals) = postSolution
		SolutionGuid = {124CCFAF-0A02-4A04-A902-F88D1107EF5E}
	EndGlobalSection
EndGlobal
